{
  "name": "dko3extention",
  "version": "1.0.0",
  "lockfileVersion": 3,
  "requires": true,
  "packages": {
    "": {
      "name": "dko3extention",
      "version": "1.0.0",
      "license": "ISC",
      "devDependencies": {
        "@types/chrome": "^0.0.313",
        "rolldown": "^1.0.0-beta.8"
      }
    },
    "node_modules/@emnapi/core": {
      "version": "1.4.3",
      "resolved": "https://registry.npmjs.org/@emnapi/core/-/core-1.4.3.tgz",
      "integrity": "sha512-4m62DuCE07lw01soJwPiBGC0nAww0Q+RY70VZ+n49yDIO13yyinhbWCeNnaob0lakDtWQzSdtNWzJeOJt2ma+g==",
      "dev": true,
      "license": "MIT",
      "optional": true,
      "dependencies": {
        "@emnapi/wasi-threads": "1.0.2",
        "tslib": "^2.4.0"
      }
    },
    "node_modules/@emnapi/runtime": {
      "version": "1.4.3",
      "resolved": "https://registry.npmjs.org/@emnapi/runtime/-/runtime-1.4.3.tgz",
      "integrity": "sha512-pBPWdu6MLKROBX05wSNKcNb++m5Er+KQ9QkB+WVM+pW2Kx9hoSrVTnu3BdkI5eBLZoKu/J6mW/B6i6bJB2ytXQ==",
      "dev": true,
      "license": "MIT",
      "optional": true,
      "dependencies": {
        "tslib": "^2.4.0"
      }
    },
    "node_modules/@emnapi/wasi-threads": {
      "version": "1.0.2",
      "resolved": "https://registry.npmjs.org/@emnapi/wasi-threads/-/wasi-threads-1.0.2.tgz",
      "integrity": "sha512-5n3nTJblwRi8LlXkJ9eBzu+kZR8Yxcc7ubakyQTFzPMtIhFpUBRbsnc2Dv88IZDIbCDlBiWrknhB4Lsz7mg6BA==",
      "dev": true,
      "license": "MIT",
      "optional": true,
      "dependencies": {
        "tslib": "^2.4.0"
      }
    },
    "node_modules/@napi-rs/wasm-runtime": {
      "version": "0.2.9",
      "resolved": "https://registry.npmjs.org/@napi-rs/wasm-runtime/-/wasm-runtime-0.2.9.tgz",
      "integrity": "sha512-OKRBiajrrxB9ATokgEQoG87Z25c67pCpYcCwmXYX8PBftC9pBfN18gnm/fh1wurSLEKIAt+QRFLFCQISrb66Jg==",
      "dev": true,
      "license": "MIT",
      "optional": true,
      "dependencies": {
        "@emnapi/core": "^1.4.0",
        "@emnapi/runtime": "^1.4.0",
        "@tybys/wasm-util": "^0.9.0"
      }
    },
    "node_modules/@oxc-project/types": {
      "version": "0.65.0",
      "resolved": "https://registry.npmjs.org/@oxc-project/types/-/types-0.65.0.tgz",
      "integrity": "sha512-7MpMzyXCcwxrTxJ4L0siy63Ds/LA8LAM4szumTFiynxTJkfrIZEV4PyR4Th0CqFZQ+oNi8WvW3Dr1MLy7o9qPQ==",
      "dev": true,
      "license": "MIT",
      "funding": {
        "url": "https://github.com/sponsors/Boshen"
      }
    },
    "node_modules/@rolldown/binding-darwin-arm64": {
      "version": "1.0.0-beta.8",
      "resolved": "https://registry.npmjs.org/@rolldown/binding-darwin-arm64/-/binding-darwin-arm64-1.0.0-beta.8.tgz",
      "integrity": "sha512-4cwzBnUvPUVdjUMo9uFkcTvj+Z6IXaN/YJSz1RuI/DG5+vlQ9wYfKeDkvb1nsrhi4ZJ99OInOw1Vh/n2ReX8rA==",
      "cpu": [
        "arm64"
      ],
      "dev": true,
      "license": "MIT",
      "optional": true,
      "os": [
        "darwin"
      ]
    },
    "node_modules/@rolldown/binding-darwin-x64": {
      "version": "1.0.0-beta.8",
      "resolved": "https://registry.npmjs.org/@rolldown/binding-darwin-x64/-/binding-darwin-x64-1.0.0-beta.8.tgz",
      "integrity": "sha512-BYI7UXc0UqjdpmEyNpxulv8cYbTdL7zLzIr6GDdIvHH7fe/pKTmC9GpvkpF/j2cyP0SUKTd6ExX7nFDNDqKMBw==",
      "cpu": [
        "x64"
      ],
      "dev": true,
      "license": "MIT",
      "optional": true,
      "os": [
        "darwin"
      ]
    },
    "node_modules/@rolldown/binding-freebsd-x64": {
      "version": "1.0.0-beta.8",
      "resolved": "https://registry.npmjs.org/@rolldown/binding-freebsd-x64/-/binding-freebsd-x64-1.0.0-beta.8.tgz",
      "integrity": "sha512-KsX/nuGiuNugIeBelN7M7c/8kzcAW6IfH080z9IrIrlCaGa+xwjqMAf7JuYLZo82uokFq8nql0YpQIazFwFR0Q==",
      "cpu": [
        "x64"
      ],
      "dev": true,
      "license": "MIT",
      "optional": true,
      "os": [
        "freebsd"
      ]
    },
    "node_modules/@rolldown/binding-linux-arm-gnueabihf": {
      "version": "1.0.0-beta.8",
      "resolved": "https://registry.npmjs.org/@rolldown/binding-linux-arm-gnueabihf/-/binding-linux-arm-gnueabihf-1.0.0-beta.8.tgz",
      "integrity": "sha512-IzmoAB9J9iOnoC2Nb6AlyIPPULcbLb0qtJDq21+95u/qiE2GYtI5M4aNudbAIdyv0MU4SAdhkG2sXjMo79H/Zg==",
      "cpu": [
        "arm"
      ],
      "dev": true,
      "license": "MIT",
      "optional": true,
      "os": [
        "linux"
      ]
    },
    "node_modules/@rolldown/binding-linux-arm64-gnu": {
      "version": "1.0.0-beta.8",
      "resolved": "https://registry.npmjs.org/@rolldown/binding-linux-arm64-gnu/-/binding-linux-arm64-gnu-1.0.0-beta.8.tgz",
      "integrity": "sha512-nGtOvVKMywOlqoFiMJgILgCpdVcPe0psH1oCWtieMyFFU/v2h2ucjstAEeCOe+JfMVVA7OpdNoWKc54Y1V7gGw==",
      "cpu": [
        "arm64"
      ],
      "dev": true,
      "license": "MIT",
      "optional": true,
      "os": [
        "linux"
      ]
    },
    "node_modules/@rolldown/binding-linux-arm64-musl": {
      "version": "1.0.0-beta.8",
      "resolved": "https://registry.npmjs.org/@rolldown/binding-linux-arm64-musl/-/binding-linux-arm64-musl-1.0.0-beta.8.tgz",
      "integrity": "sha512-paTZphpweKHNwlIu0JTAJCddn/psFzNUaKeGEY4vTQEqDcewKp9SsxN7240ao1eqTYy6TMFJiX6Ej2ym93MkSQ==",
      "cpu": [
        "arm64"
      ],
      "dev": true,
      "license": "MIT",
      "optional": true,
      "os": [
        "linux"
      ]
    },
    "node_modules/@rolldown/binding-linux-x64-gnu": {
      "version": "1.0.0-beta.8",
      "resolved": "https://registry.npmjs.org/@rolldown/binding-linux-x64-gnu/-/binding-linux-x64-gnu-1.0.0-beta.8.tgz",
      "integrity": "sha512-Pdt5iaG/wlWTvEz1lZ3kDkmVXM7DxQXPFZUX/UjDnUyxf4vSgxszbSx1tiNdU0D9v1IISgBapANSwJOGtF1lWw==",
      "cpu": [
        "x64"
      ],
      "dev": true,
      "license": "MIT",
      "optional": true,
      "os": [
        "linux"
      ]
    },
    "node_modules/@rolldown/binding-linux-x64-musl": {
      "version": "1.0.0-beta.8",
      "resolved": "https://registry.npmjs.org/@rolldown/binding-linux-x64-musl/-/binding-linux-x64-musl-1.0.0-beta.8.tgz",
      "integrity": "sha512-8LoLgKq+Wb030p+tzw0JrOrbJrR2wmqfARX1CHIhge8LBoxd2lfHtWfkg23qRa1S8So/nBZBhrQsg2kXUkpwxw==",
      "cpu": [
        "x64"
      ],
      "dev": true,
      "license": "MIT",
      "optional": true,
      "os": [
        "linux"
      ]
    },
    "node_modules/@rolldown/binding-wasm32-wasi": {
      "version": "1.0.0-beta.8",
      "resolved": "https://registry.npmjs.org/@rolldown/binding-wasm32-wasi/-/binding-wasm32-wasi-1.0.0-beta.8.tgz",
      "integrity": "sha512-+2y9Omf9tZRR44Y4EYqm3/Zq2f4Tv+Gh8NsExFWM6WpQZI3HyIB07lrTNQfOJgKSsAiUisnbjiPVTkiH5miy1w==",
      "cpu": [
        "wasm32"
      ],
      "dev": true,
      "license": "MIT",
      "optional": true,
      "dependencies": {
        "@napi-rs/wasm-runtime": "^0.2.4"
      },
      "engines": {
        "node": ">=14.21.3"
      }
    },
    "node_modules/@rolldown/binding-win32-arm64-msvc": {
      "version": "1.0.0-beta.8",
      "resolved": "https://registry.npmjs.org/@rolldown/binding-win32-arm64-msvc/-/binding-win32-arm64-msvc-1.0.0-beta.8.tgz",
      "integrity": "sha512-bt5AOleb2yp+Br9Yzew+jbSEGjLoqGwknH0xhK8QkhXKx31sJLseaP7nFXr6JaEbmL4DVmAVgrOcyLzLbR6+Mw==",
      "cpu": [
        "arm64"
      ],
      "dev": true,
      "license": "MIT",
      "optional": true,
      "os": [
        "win32"
      ]
    },
    "node_modules/@rolldown/binding-win32-ia32-msvc": {
      "version": "1.0.0-beta.8",
      "resolved": "https://registry.npmjs.org/@rolldown/binding-win32-ia32-msvc/-/binding-win32-ia32-msvc-1.0.0-beta.8.tgz",
      "integrity": "sha512-Fa1OH6eUWtjBNNkKiSSq1fHVMuiqQ+Bi9uMNJz7gBFgjNiAB9k9rQr0j9eF1k4H6lXFkuoN5P7pXty6aBh93Cw==",
      "cpu": [
        "ia32"
      ],
      "dev": true,
      "license": "MIT",
      "optional": true,
      "os": [
        "win32"
      ]
    },
    "node_modules/@rolldown/binding-win32-x64-msvc": {
      "version": "1.0.0-beta.8",
      "resolved": "https://registry.npmjs.org/@rolldown/binding-win32-x64-msvc/-/binding-win32-x64-msvc-1.0.0-beta.8.tgz",
      "integrity": "sha512-hR81d84Poe6oIxaz4PnWBLVF0VuqtRfISIyXQAgk2etu2udrKnWKr3A+xqXe9ELjbLlRYGvEm2dlw/cldO9Kxg==",
      "cpu": [
        "x64"
      ],
      "dev": true,
      "license": "MIT",
      "optional": true,
      "os": [
        "win32"
      ]
    },
    "node_modules/@tybys/wasm-util": {
      "version": "0.9.0",
      "resolved": "https://registry.npmjs.org/@tybys/wasm-util/-/wasm-util-0.9.0.tgz",
      "integrity": "sha512-6+7nlbMVX/PVDCwaIQ8nTOPveOcFLSt8GcXdx8hD0bt39uWxYT88uXzqTd4fTvqta7oeUJqudepapKNt2DYJFw==",
      "dev": true,
      "license": "MIT",
      "optional": true,
      "dependencies": {
        "tslib": "^2.4.0"
      }
    },
    "node_modules/@types/chrome": {
      "version": "0.0.313",
      "resolved": "https://registry.npmjs.org/@types/chrome/-/chrome-0.0.313.tgz",
      "integrity": "sha512-9R5T7gTaYZhkxlu+Ho4wk9FL+y/werWQY2yjGWSqCuiTsqS7nL/BE5UMTP6rU7J+oIG2FRKqrEycHhJATeltVA==",
      "dev": true,
      "license": "MIT",
      "dependencies": {
        "@types/filesystem": "*",
        "@types/har-format": "*"
      }
    },
    "node_modules/@types/filesystem": {
      "version": "0.0.36",
      "resolved": "https://registry.npmjs.org/@types/filesystem/-/filesystem-0.0.36.tgz",
      "integrity": "sha512-vPDXOZuannb9FZdxgHnqSwAG/jvdGM8Wq+6N4D/d80z+D4HWH+bItqsZaVRQykAn6WEVeEkLm2oQigyHtgb0RA==",
      "dev": true,
      "license": "MIT",
      "dependencies": {
        "@types/filewriter": "*"
      }
    },
    "node_modules/@types/filewriter": {
      "version": "0.0.33",
      "resolved": "https://registry.npmjs.org/@types/filewriter/-/filewriter-0.0.33.tgz",
      "integrity": "sha512-xFU8ZXTw4gd358lb2jw25nxY9QAgqn2+bKKjKOYfNCzN4DKCFetK7sPtrlpg66Ywe3vWY9FNxprZawAh9wfJ3g==",
      "dev": true,
      "license": "MIT"
    },
    "node_modules/@types/har-format": {
      "version": "1.2.16",
      "resolved": "https://registry.npmjs.org/@types/har-format/-/har-format-1.2.16.tgz",
      "integrity": "sha512-fluxdy7ryD3MV6h8pTfTYpy/xQzCFC7m89nOH9y94cNqJ1mDIDPut7MnRHI3F6qRmh/cT2fUjG1MLdCNb4hE9A==",
      "dev": true,
      "license": "MIT"
    },
    "node_modules/@valibot/to-json-schema": {
      "version": "1.0.0",
      "resolved": "https://registry.npmjs.org/@valibot/to-json-schema/-/to-json-schema-1.0.0.tgz",
      "integrity": "sha512-/9crJgPptVsGCL6X+JPDQyaJwkalSZ/52WuF8DiRUxJgcmpNdzYRfZ+gqMEP8W3CTVfuMWPqqvIgfwJ97f9Etw==",
      "dev": true,
      "license": "MIT",
      "peerDependencies": {
        "valibot": "^1.0.0"
      }
    },
    "node_modules/ansis": {
      "version": "3.17.0",
      "resolved": "https://registry.npmjs.org/ansis/-/ansis-3.17.0.tgz",
      "integrity": "sha512-0qWUglt9JEqLFr3w1I1pbrChn1grhaiAR2ocX1PP/flRmxgtwTzPFFFnfIlD6aMOLQZgSuCRlidD70lvx8yhzg==",
      "dev": true,
      "license": "ISC",
      "engines": {
        "node": ">=14"
      }
    },
    "node_modules/rolldown": {
      "version": "1.0.0-beta.8",
      "resolved": "https://registry.npmjs.org/rolldown/-/rolldown-1.0.0-beta.8.tgz",
      "integrity": "sha512-lwctoQjonOosxGhVbuoIARk8TNO2roqAh/ArhNmT/e/INMN+fzO0++yCypVZLZczOdgTARrYmsOEnTgMOt9sSg==",
      "dev": true,
      "hasInstallScript": true,
      "license": "MIT",
      "dependencies": {
        "@oxc-project/types": "0.65.0",
        "@valibot/to-json-schema": "1.0.0",
        "ansis": "^3.17.0",
        "valibot": "1.0.0"
      },
      "bin": {
        "rolldown": "bin/cli.mjs"
      },
      "optionalDependencies": {
        "@rolldown/binding-darwin-arm64": "1.0.0-beta.8",
        "@rolldown/binding-darwin-x64": "1.0.0-beta.8",
        "@rolldown/binding-freebsd-x64": "1.0.0-beta.8",
        "@rolldown/binding-linux-arm-gnueabihf": "1.0.0-beta.8",
        "@rolldown/binding-linux-arm64-gnu": "1.0.0-beta.8",
        "@rolldown/binding-linux-arm64-musl": "1.0.0-beta.8",
        "@rolldown/binding-linux-x64-gnu": "1.0.0-beta.8",
        "@rolldown/binding-linux-x64-musl": "1.0.0-beta.8",
        "@rolldown/binding-wasm32-wasi": "1.0.0-beta.8",
        "@rolldown/binding-win32-arm64-msvc": "1.0.0-beta.8",
        "@rolldown/binding-win32-ia32-msvc": "1.0.0-beta.8",
        "@rolldown/binding-win32-x64-msvc": "1.0.0-beta.8"
      },
      "peerDependencies": {
        "@oxc-project/runtime": "0.65.0"
      },
      "peerDependenciesMeta": {
        "@oxc-project/runtime": {
          "optional": true
        }
      }
    },
    "node_modules/tslib": {
      "version": "2.8.1",
      "resolved": "https://registry.npmjs.org/tslib/-/tslib-2.8.1.tgz",
      "integrity": "sha512-oJFu94HQb+KVduSUQL7wnpmqnfmLsOA/nAh6b6EH0wCEoK0/mPeXU6c3wKDV83MkOuHPRHtSXKKU99IBazS/2w==",
      "dev": true,
      "license": "0BSD",
      "optional": true
    },
    "node_modules/valibot": {
      "version": "1.0.0",
      "resolved": "https://registry.npmjs.org/valibot/-/valibot-1.0.0.tgz",
      "integrity": "sha512-1Hc0ihzWxBar6NGeZv7fPLY0QuxFMyxwYR2sF1Blu7Wq7EnremwY2W02tit2ij2VJT8HcSkHAQqmFfl77f73Yw==",
      "dev": true,
      "license": "MIT",
      "peerDependencies": {
        "typescript": ">=5"
      },
      "peerDependenciesMeta": {
        "typescript": {
          "optional": true
        }
      }
    }
  }
}
